
Microsoft Visual Studio Solution File, Format Version 11.00
# Visual Studio 2010
Project("{FAE04EC0-301F-11D3-BF4B-00C04F79EFBC}") = "UFO_Tutorial", "Assembly-CSharp.csproj", "{8EEFA2A7-97C0-59F7-7604-BA1B61741FA4}"
EndProject
Project("{FAE04EC0-301F-11D3-BF4B-00C04F79EFBC}") = "UFO_Tutorial", "Assembly-CSharp-Editor.csproj", "{95E0C327-B1DA-A978-1A8D-28B328A46D16}"
EndProject
Global
	GlobalSection(SolutionConfigurationPlatforms) = preSolution
		Debug|Any CPU = Debug|Any CPU
		Release|Any CPU = Release|Any CPU
	EndGlobalSection
	GlobalSection(ProjectConfigurationPlatforms) = postSolution
		{8EEFA2A7-97C0-59F7-7604-BA1B61741FA4}.Debug|Any CPU.ActiveCfg = Debug|Any CPU
		{8EEFA2A7-97C0-59F7-7604-BA1B61741FA4}.Debug|Any CPU.Build.0 = Debug|Any CPU
		{8EEFA2A7-97C0-59F7-7604-BA1B61741FA4}.Release|Any CPU.ActiveCfg = Release|Any CPU
		{8EEFA2A7-97C0-59F7-7604-BA1B61741FA4}.Release|Any CPU.Build.0 = Release|Any CPU
		{95E0C327-B1DA-A978-1A8D-28B328A46D16}.Debug|Any CPU.ActiveCfg = Debug|Any CPU
		{95E0C327-B1DA-A978-1A8D-28B328A46D16}.Debug|Any CPU.Build.0 = Debug|Any CPU
		{95E0C327-B1DA-A978-1A8D-28B328A46D16}.Release|Any CPU.ActiveCfg = Release|Any CPU
		{95E0C327-B1DA-A978-1A8D-28B328A46D16}.Release|Any CPU.Build.0 = Release|Any CPU
	EndGlobalSection
	GlobalSection(SolutionProperties) = preSolution
		HideSolutionNode = FALSE
	EndGlobalSection
	GlobalSection(MonoDevelopProperties) = preSolution
		StartupItem = Assembly-CSharp.csproj
	EndGlobalSection
EndGlobal
